
Microsoft Visual Studio Solution File, Format Version 12.00
# Visual Studio Version 17
VisualStudioVersion = 17.1.32421.90
MinimumVisualStudioVersion = 10.0.40219.1
Project("{FAE04EC0-301F-11D3-BF4B-00C04F79EFBC}") = "CreationalPattern", "CreationalPattern\CreationalPattern.csproj", "{EA48888D-B0AB-4F0E-9ECD-7F824785F9D3}"
EndProject
Global
	GlobalSection(SolutionConfigurationPlatforms) = preSolution
		Debug|Any CPU = Debug|Any CPU
		Release|Any CPU = Release|Any CPU
	EndGlobalSection
	GlobalSection(ProjectConfigurationPlatforms) = postSolution
		{EA48888D-B0AB-4F0E-9ECD-7F824785F9D3}.Debug|Any CPU.ActiveCfg = Debug|Any CPU
		{EA48888D-B0AB-4F0E-9ECD-7F824785F9D3}.Debug|Any CPU.Build.0 = Debug|Any CPU
		{EA48888D-B0AB-4F0E-9ECD-7F824785F9D3}.Release|Any CPU.ActiveCfg = Release|Any CPU
		{EA48888D-B0AB-4F0E-9ECD-7F824785F9D3}.Release|Any CPU.Build.0 = Release|Any CPU
	EndGlobalSection
	GlobalSection(SolutionProperties) = preSolution
		HideSolutionNode = FALSE
	EndGlobalSection
	GlobalSection(ExtensibilityGlobals) = postSolution
		SolutionGuid = {DD0E1D0E-BA19-40BF-B182-3230FD4F3653}
	EndGlobalSection
EndGlobal
